{
  "nodes": {
    "nixpkgs": {
      "locked": {
        "lastModified": 1733642008,
        "narHash": "sha256-ijS1XixgnF1UW1wnsO5J7rw5li0n6SZCBQWCYSfJwXw=",
        "owner": "nixos",
        "repo": "nixpkgs",
        "rev": "5e7591e5e8c8cddc1e9c7cad01033e6c2d560cd0",
        "type": "github"
      },
      "original": {
        "owner": "nixos",
        "ref": "nixos-24.11-small",
        "repo": "nixpkgs",
        "type": "github"
      }
    },
    "root": {
      "inputs": {
        "nixpkgs": "nixpkgs"
      }
    }
  },
  "root": "root",
  "version": 7
}
